# THIS IS AN AUTOGENERATED FILE. DO NOT EDIT THIS FILE DIRECTLY.
# yarn lockfile v1


"@hotwired/stimulus@^3.2.2":
  version "3.2.2"
  resolved "https://registry.yarnpkg.com/@hotwired/stimulus/-/stimulus-3.2.2.tgz#071aab59c600fed95b97939e605ff261a4251608"
  integrity sha512-eGeIqNOQpXoPAIP7tC1+1Yc1yl1xnwYqg+3mzqxyrbE5pg5YFBZcA6YoTiByJB6DKAEsiWtl6tjTJS4IYtbB7A==

"@hotwired/turbo-rails@^8.0.16":
  version "8.0.23"
  resolved "https://registry.yarnpkg.com/@hotwired/turbo-rails/-/turbo-rails-8.0.23.tgz#7a84ad041cb0f3e5d9ff97d1a1f0291550a93fc9"
  integrity sha512-iBILwda3qmQC7FYM70+4s6kEQ7Fx9dJ6+yGxjPyrz9a5JDx1+y7OAA5TA7GGVOZJoicMLrKGdFDNorl40X35lw==
  dependencies:
    "@hotwired/turbo" "^8.0.23"
    "@rails/actioncable" ">=7.0"

"@hotwired/turbo@^8.0.23":
  version "8.0.23"
  resolved "https://registry.yarnpkg.com/@hotwired/turbo/-/turbo-8.0.23.tgz#a6eebc9ab4a5faadae265a4cbec8cfcb5731e77c"
  integrity sha512-GZ7cijxEZ6Ig71u7rD6LHaRv/wcE/hNsc+nEfiWOkLNqUgLOwo5MNGWOy5ZV9ZUDSiQx1no7YxjTNnT4O6//cQ==

"@parcel/watcher-android-arm64@2.5.6":
  version "2.5.6"
  resolved "https://registry.yarnpkg.com/@parcel/watcher-android-arm64/-/watcher-android-arm64-2.5.6.tgz#5f32e0dba356f4ac9a11068d2a5c134ca3ba6564"
  integrity sha512-YQxSS34tPF/6ZG7r/Ih9xy+kP/WwediEUsqmtf0cuCV5TPPKw/PQHRhueUo6JdeFJaqV3pyjm0GdYjZotbRt/A==

"@parcel/watcher-darwin-arm64@2.5.6":
  version "2.5.6"
  resolved "https://registry.yarnpkg.com/@parcel/watcher-darwin-arm64/-/watcher-darwin-arm64-2.5.6.tgz#88d3e720b59b1eceffce98dac46d7c40e8be5e8e"
  integrity sha512-Z2ZdrnwyXvvvdtRHLmM4knydIdU9adO3D4n/0cVipF3rRiwP+3/sfzpAwA/qKFL6i1ModaabkU7IbpeMBgiVEA==

"@parcel/watcher-darwin-x64@2.5.6":
  version "2.5.6"
  resolved "https://registry.yarnpkg.com/@parcel/watcher-darwin-x64/-/watcher-darwin-x64-2.5.6.tgz#bf05d76a78bc15974f15ec3671848698b0838063"
  integrity sha512-HgvOf3W9dhithcwOWX9uDZyn1lW9R+7tPZ4sug+NGrGIo4Rk1hAXLEbcH1TQSqxts0NYXXlOWqVpvS1SFS4fRg==

"@parcel/watcher-freebsd-x64@2.5.6":
  version "2.5.6"
  resolved "https://registry.yarnpkg.com/@parcel/watcher-freebsd-x64/-/watcher-freebsd-x64-2.5.6.tgz#8bc26e9848e7303ac82922a5ae1b1ef1bdb48a53"
  integrity sha512-vJVi8yd/qzJxEKHkeemh7w3YAn6RJCtYlE4HPMoVnCpIXEzSrxErBW5SJBgKLbXU3WdIpkjBTeUNtyBVn8TRng==

"@parcel/watcher-linux-arm-glibc@2.5.6":
  version "2.5.6"
  resolved "https://registry.yarnpkg.com/@parcel/watcher-linux-arm-glibc/-/watcher-linux-arm-glibc-2.5.6.tgz#1328fee1deb0c2d7865079ef53a2ba4cc2f8b40a"
  integrity sha512-9JiYfB6h6BgV50CCfasfLf/uvOcJskMSwcdH1PHH9rvS1IrNy8zad6IUVPVUfmXr+u+Km9IxcfMLzgdOudz9EQ==

"@parcel/watcher-linux-arm-musl@2.5.6":
  version "2.5.6"
  resolved "https://registry.yarnpkg.com/@parcel/watcher-linux-arm-musl/-/watcher-linux-arm-musl-2.5.6.tgz#bad0f45cb3e2157746db8b9d22db6a125711f152"
  integrity sha512-Ve3gUCG57nuUUSyjBq/MAM0CzArtuIOxsBdQ+ftz6ho8n7s1i9E1Nmk/xmP323r2YL0SONs1EuwqBp2u1k5fxg==

"@parcel/watcher-linux-arm64-glibc@2.5.6":
  version "2.5.6"
  resolved "https://registry.yarnpkg.com/@parcel/watcher-linux-arm64-glibc/-/watcher-linux-arm64-glibc-2.5.6.tgz#b75913fbd501d9523c5f35d420957bf7d0204809"
  integrity sha512-f2g/DT3NhGPdBmMWYoxixqYr3v/UXcmLOYy16Bx0TM20Tchduwr4EaCbmxh1321TABqPGDpS8D/ggOTaljijOA==

"@parcel/watcher-linux-arm64-musl@2.5.6":
  version "2.5.6"
  resolved "https://registry.yarnpkg.com/@parcel/watcher-linux-arm64-musl/-/watcher-linux-arm64-musl-2.5.6.tgz#da5621a6a576070c8c0de60dea8b46dc9c3827d4"
  integrity sha512-qb6naMDGlbCwdhLj6hgoVKJl2odL34z2sqkC7Z6kzir8b5W65WYDpLB6R06KabvZdgoHI/zxke4b3zR0wAbDTA==

"@parcel/watcher-linux-x64-glibc@2.5.6":
  version "2.5.6"
  resolved "https://registry.yarnpkg.com/@parcel/watcher-linux-x64-glibc/-/watcher-linux-x64-glibc-2.5.6.tgz#ce437accdc4b30f93a090b4a221fd95cd9b89639"
  integrity sha512-kbT5wvNQlx7NaGjzPFu8nVIW1rWqV780O7ZtkjuWaPUgpv2NMFpjYERVi0UYj1msZNyCzGlaCWEtzc+exjMGbQ==

"@parcel/watcher-linux-x64-musl@2.5.6":
  version "2.5.6"
  resolved "https://registry.yarnpkg.com/@parcel/watcher-linux-x64-musl/-/watcher-linux-x64-musl-2.5.6.tgz#02400c54b4a67efcc7e2327b249711920ac969e2"
  integrity sha512-1JRFeC+h7RdXwldHzTsmdtYR/Ku8SylLgTU/reMuqdVD7CtLwf0VR1FqeprZ0eHQkO0vqsbvFLXUmYm/uNKJBg==

"@parcel/watcher-win32-arm64@2.5.6":
  version "2.5.6"
  resolved "https://registry.yarnpkg.com/@parcel/watcher-win32-arm64/-/watcher-win32-arm64-2.5.6.tgz#caae3d3c7583ca0a7171e6bd142c34d20ea1691e"
  integrity sha512-3ukyebjc6eGlw9yRt678DxVF7rjXatWiHvTXqphZLvo7aC5NdEgFufVwjFfY51ijYEWpXbqF5jtrK275z52D4Q==

"@parcel/watcher-win32-ia32@2.5.6":
  version "2.5.6"
  resolved "https://registry.yarnpkg.com/@parcel/watcher-win32-ia32/-/watcher-win32-ia32-2.5.6.tgz#9ac922550896dfe47bfc5ae3be4f1bcaf8155d6d"
  integrity sha512-k35yLp1ZMwwee3Ez/pxBi5cf4AoBKYXj00CZ80jUz5h8prpiaQsiRPKQMxoLstNuqe2vR4RNPEAEcjEFzhEz/g==

"@parcel/watcher-win32-x64@2.5.6":
  version "2.5.6"
  resolved "https://registry.yarnpkg.com/@parcel/watcher-win32-x64/-/watcher-win32-x64-2.5.6.tgz#73fdafba2e21c448f0e456bbe13178d8fe11739d"
  integrity sha512-hbQlYcCq5dlAX9Qx+kFb0FHue6vbjlf0FrNzSKdYK2APUf7tGfGxQCk2ihEREmbR6ZMc0MVAD5RIX/41gpUzTw==

"@parcel/watcher@^2.4.1":
  version "2.5.6"
  resolved "https://registry.yarnpkg.com/@parcel/watcher/-/watcher-2.5.6.tgz#3f932828c894f06d0ad9cfefade1756ecc6ef1f1"
  integrity sha512-tmmZ3lQxAe/k/+rNnXQRawJ4NjxO2hqiOLTHvWchtGZULp4RyFeh6aU4XdOYBFe2KE1oShQTv4AblOs2iOrNnQ==
  dependencies:
    detect-libc "^2.0.3"
    is-glob "^4.0.3"
    node-addon-api "^7.0.0"
    picomatch "^4.0.3"
  optionalDependencies:
    "@parcel/watcher-android-arm64" "2.5.6"
    "@parcel/watcher-darwin-arm64" "2.5.6"
    "@parcel/watcher-darwin-x64" "2.5.6"
    "@parcel/watcher-freebsd-x64" "2.5.6"
    "@parcel/watcher-linux-arm-glibc" "2.5.6"
    "@parcel/watcher-linux-arm-musl" "2.5.6"
    "@parcel/watcher-linux-arm64-glibc" "2.5.6"
    "@parcel/watcher-linux-arm64-musl" "2.5.6"
    "@parcel/watcher-linux-x64-glibc" "2.5.6"
    "@parcel/watcher-linux-x64-musl" "2.5.6"
    "@parcel/watcher-win32-arm64" "2.5.6"
    "@parcel/watcher-win32-ia32" "2.5.6"
    "@parcel/watcher-win32-x64" "2.5.6"

"@picocss/pico@^2.1.1":
  version "2.1.1"
  resolved "https://registry.yarnpkg.com/@picocss/pico/-/pico-2.1.1.tgz#f2c4573b0332758b6d9c3caf4ee8b24cf3819f8e"
  integrity sha512-kIDugA7Ps4U+2BHxiNHmvgPIQDWPDU4IeU6TNRdvXQM1uZX+FibqDQT2xUOnnO2yq/LUHcwnGlu1hvf4KfXnMg==

"@rails/actioncable@>=7.0":
  version "8.1.200"
  resolved "https://registry.yarnpkg.com/@rails/actioncable/-/actioncable-8.1.200.tgz#acecf74ab4846144eefdbc16618786df0cebedf9"
  integrity sha512-on0DSb7AFUkq1ocxivDNQhhGW/RQpY91zvRVyyaEWP4gOOZWy33P/UyxjQk74IENWNrTqs8+zOGHwTjiiFruRw==

"@rails/actiontext@^8.0.200":
  version "8.1.200"
  resolved "https://registry.yarnpkg.com/@rails/actiontext/-/actiontext-8.1.200.tgz#b49f52cdb028c4aa3f0758c8fc7c51092b3c2d3b"
  integrity sha512-l4OuFLZbQB+A3yCNOzX0Y4Tn7XSekfuYjy20TiBuf+4Q5JKTnfuybHrQ5cDk/9DbwWE9sdWcdbODFUIYd4tczg==
  dependencies:
    "@rails/activestorage" ">= 8.1.0-alpha"

"@rails/activestorage@>= 8.1.0-alpha":
  version "8.1.200"
  resolved "https://registry.yarnpkg.com/@rails/activestorage/-/activestorage-8.1.200.tgz#335fe28c4652b636a5d65069c96ff33507e574e8"
  integrity sha512-bPZqv447REBd1NQfba//FjgUqbUd93zKh7+BWhh3vRZ7Nm+RUgm6c5GbWctmik/rMHjsruTHhusYGyoKyf60pg==
  dependencies:
    spark-md5 "^3.0.1"

"@types/trusted-types@^2.0.7":
  version "2.0.7"
  resolved "https://registry.yarnpkg.com/@types/trusted-types/-/trusted-types-2.0.7.tgz#baccb07a970b91707df3a3e8ba6896c57ead2d11"
  integrity sha512-ScaPdn1dQczgbl0QFTeTOmVHFULt394XJgOQNoyVhZ6r2vLnMLJfBPd53SB52T/3G36VI1/g2MZaX0cwDuXsfw==

autoprefixer@^10.4.14:
  version "10.4.24"
  resolved "https://registry.yarnpkg.com/autoprefixer/-/autoprefixer-10.4.24.tgz#2c29595f3abd820a79976a609d0bf40eecf212fb"
  integrity sha512-uHZg7N9ULTVbutaIsDRoUkoS8/h3bdsmVJYZ5l3wv8Cp/6UIIoRDm90hZ+BwxUj/hGBEzLxdHNSKuFpn8WOyZw==
  dependencies:
    browserslist "^4.28.1"
    caniuse-lite "^1.0.30001766"
    fraction.js "^5.3.4"
    picocolors "^1.1.1"
    postcss-value-parser "^4.2.0"

baseline-browser-mapping@^2.9.0:
  version "2.9.19"
  resolved "https://registry.yarnpkg.com/baseline-browser-mapping/-/baseline-browser-mapping-2.9.19.tgz#3e508c43c46d961eb4d7d2e5b8d1dd0f9ee4f488"
  integrity sha512-ipDqC8FrAl/76p2SSWKSI+H9tFwm7vYqXQrItCuiVPt26Km0jS+NzSsBWAaBusvSbQcfJG+JitdMm+wZAgTYqg==

browserslist@^4.28.1:
  version "4.28.1"
  resolved "https://registry.yarnpkg.com/browserslist/-/browserslist-4.28.1.tgz#7f534594628c53c63101079e27e40de490456a95"
  integrity sha512-ZC5Bd0LgJXgwGqUknZY/vkUQ04r8NXnJZ3yYi4vDmSiZmC/pdSN0NbNRPxZpbtO4uAfDUAFffO8IZoM3Gj8IkA==
  dependencies:
    baseline-browser-mapping "^2.9.0"
    caniuse-lite "^1.0.30001759"
    electron-to-chromium "^1.5.263"
    node-releases "^2.0.27"
    update-browserslist-db "^1.2.0"

caniuse-lite@^1.0.30001759, caniuse-lite@^1.0.30001766:
  version "1.0.30001769"
  resolved "https://registry.yarnpkg.com/caniuse-lite/-/caniuse-lite-1.0.30001769.tgz#1ad91594fad7dc233777c2781879ab5409f7d9c2"
  integrity sha512-BCfFL1sHijQlBGWBMuJyhZUhzo7wer5sVj9hqekB/7xn0Ypy+pER/edCYQm4exbXj4WiySGp40P8UuTh6w1srg==

chokidar@^4.0.0:
  version "4.0.3"
  resolved "https://registry.yarnpkg.com/chokidar/-/chokidar-4.0.3.tgz#7be37a4c03c9aee1ecfe862a4a23b2c70c205d30"
  integrity sha512-Qgzu8kfBvo+cA4962jnP1KkS6Dop5NS6g7R5LFYJr4b8Ub94PPQXUksCw9PvXoeXPRRddRNC5C1JQUR2SMGtnA==
  dependencies:
    readdirp "^4.0.1"

color-convert@^3.1.3:
  version "3.1.3"
  resolved "https://registry.yarnpkg.com/color-convert/-/color-convert-3.1.3.tgz#db6627b97181cb8facdfce755ae26f97ab0711f1"
  integrity sha512-fasDH2ont2GqF5HpyO4w0+BcewlhHEZOFn9c1ckZdHpJ56Qb7MHhH/IcJZbBGgvdtwdwNbLvxiBEdg336iA9Sg==
  dependencies:
    color-name "^2.0.0"

color-name@^2.0.0:
  version "2.1.0"
  resolved "https://registry.yarnpkg.com/color-name/-/color-name-2.1.0.tgz#0b677385c1c4b4edfdeaf77e38fa338e3a40b693"
  integrity sha512-1bPaDNFm0axzE4MEAzKPuqKWeRaT43U/hyxKPBdqTfmPF+d6n7FSoTFxLVULUJOmiLp01KjhIPPH+HrXZJN4Rg==

color-string@^2.1.3:
  version "2.1.4"
  resolved "https://registry.yarnpkg.com/color-string/-/color-string-2.1.4.tgz#9dcf566ff976e23368c8bd673f5c35103ab41058"
  integrity sha512-Bb6Cq8oq0IjDOe8wJmi4JeNn763Xs9cfrBcaylK1tPypWzyoy2G3l90v9k64kjphl/ZJjPIShFztenRomi8WTg==
  dependencies:
    color-name "^2.0.0"

color@^5.0.0:
  version "5.0.3"
  resolved "https://registry.yarnpkg.com/color/-/color-5.0.3.tgz#f79390b1b778e222ffbb54304d3dbeaef633f97f"
  integrity sha512-ezmVcLR3xAVp8kYOm4GS45ZLLgIE6SPAFoduLr6hTDajwb3KZ2F46gulK3XpcwRFb5KKGCSezCBAY4Dw4HsyXA==
  dependencies:
    color-convert "^3.1.3"
    color-string "^2.1.3"

detect-libc@^2.0.3:
  version "2.1.2"
  resolved "https://registry.yarnpkg.com/detect-libc/-/detect-libc-2.1.2.tgz#689c5dcdc1900ef5583a4cb9f6d7b473742074ad"
  integrity sha512-Btj2BOOO83o3WyH59e8MgXsxEQVcarkUOpEYrubB0urwnN10yQ364rsiByU11nZlqWYZm05i/of7io4mzihBtQ==

dompurify@^3.2.5:
  version "3.3.1"
  resolved "https://registry.yarnpkg.com/dompurify/-/dompurify-3.3.1.tgz#c7e1ddebfe3301eacd6c0c12a4af284936dbbb86"
  integrity sha512-qkdCKzLNtrgPFP1Vo+98FRzJnBRGe4ffyCea9IwHB1fyxPOeNTHpLKYGd4Uk9xvNoH0ZoOjwZxNptyMwqrId1Q==
  optionalDependencies:
    "@types/trusted-types" "^2.0.7"

electron-to-chromium@^1.5.263:
  version "1.5.286"
  resolved "https://registry.yarnpkg.com/electron-to-chromium/-/electron-to-chromium-1.5.286.tgz#142be1ab5e1cd5044954db0e5898f60a4960384e"
  integrity sha512-9tfDXhJ4RKFNerfjdCcZfufu49vg620741MNs26a9+bhLThdB+plgMeou98CAaHu/WATj2iHOOHTp1hWtABj2A==

escalade@^3.2.0:
  version "3.2.0"
  resolved "https://registry.yarnpkg.com/escalade/-/escalade-3.2.0.tgz#011a3f69856ba189dffa7dc8fcce99d2a87903e5"
  integrity sha512-WUj2qlxaQtO4g6Pq5c29GTcWGDyd8itL8zTlipgECz3JesAiiOKotd8JU6otB3PACgG6xkJUyVhboMS+bje/jA==

fraction.js@^5.3.4:
  version "5.3.4"
  resolved "https://registry.yarnpkg.com/fraction.js/-/fraction.js-5.3.4.tgz#8c0fcc6a9908262df4ed197427bdeef563e0699a"
  integrity sha512-1X1NTtiJphryn/uLQz3whtY6jK3fTqoE3ohKs0tT+Ujr1W59oopxmoEh7Lu5p6vBaPbgoM0bzveAW4Qi5RyWDQ==

immutable@^5.0.2:
  version "5.1.4"
  resolved "https://registry.yarnpkg.com/immutable/-/immutable-5.1.4.tgz#e3f8c1fe7b567d56cf26698f31918c241dae8c1f"
  integrity sha512-p6u1bG3YSnINT5RQmx/yRZBpenIl30kVxkTLDyHLIMk0gict704Q9n+thfDI7lTRm9vXdDYutVzXhzcThxTnXA==

is-extglob@^2.1.1:
  version "2.1.1"
  resolved "https://registry.yarnpkg.com/is-extglob/-/is-extglob-2.1.1.tgz#a88c02535791f02ed37c76a1b9ea9773c833f8c2"
  integrity sha512-SbKbANkN603Vi4jEZv49LeVJMn4yGwsbzZworEoyEiutsN3nJYdbO36zfhGJ6QEDpOZIFkDtnq5JRxmvl3jsoQ==

is-glob@^4.0.3:
  version "4.0.3"
  resolved "https://registry.yarnpkg.com/is-glob/-/is-glob-4.0.3.tgz#64f61e42cbbb2eec2071a9dac0b28ba1e65d5084"
  integrity sha512-xelSayHH36ZgE7ZWhli7pW34hNbNl8Ojv5KVmkJD4hBdD3th8Tfk9vYasLM+mXWOZhFkgZfxhLSnrwRr4elSSg==
  dependencies:
    is-extglob "^2.1.1"

node-addon-api@^7.0.0:
  version "7.1.1"
  resolved "https://registry.yarnpkg.com/node-addon-api/-/node-addon-api-7.1.1.tgz#1aba6693b0f255258a049d621329329322aad558"
  integrity sha512-5m3bsyrjFWE1xf7nz7YXdN4udnVtXK6/Yfgn5qnahL6bCkf2yKt4k3nuTKAtT4r3IG8JNR2ncsIMdZuAzJjHQQ==

node-releases@^2.0.27:
  version "2.0.27"
  resolved "https://registry.yarnpkg.com/node-releases/-/node-releases-2.0.27.tgz#eedca519205cf20f650f61d56b070db111231e4e"
  integrity sha512-nmh3lCkYZ3grZvqcCH+fjmQ7X+H0OeZgP40OierEaAptX4XofMh5kwNbWh7lBduUzCcV/8kZ+NDLCwm2iorIlA==

picocolors@^1.1.1:
  version "1.1.1"
  resolved "https://registry.yarnpkg.com/picocolors/-/picocolors-1.1.1.tgz#3d321af3eab939b083c8f929a1d12cda81c26b6b"
  integrity sha512-xceH2snhtb5M9liqDsmEw56le376mTZkEX/jEb/RxNFyegNul7eNslCXP9FDj/Lcu0X8KEyMceP2ntpaHrDEVA==

picomatch@^4.0.3:
  version "4.0.3"
  resolved "https://registry.yarnpkg.com/picomatch/-/picomatch-4.0.3.tgz#796c76136d1eead715db1e7bad785dedd695a042"
  integrity sha512-5gTmgEY/sqK6gFXLIsQNH19lWb4ebPDLA4SdLP7dsWkIXHWlG66oPuVvXSGFPppYZz8ZDZq0dYYrbHfBCVUb1Q==

postcss-value-parser@^4.2.0:
  version "4.2.0"
  resolved "https://registry.yarnpkg.com/postcss-value-parser/-/postcss-value-parser-4.2.0.tgz#723c09920836ba6d3e5af019f92bc0971c02e514"
  integrity sha512-1NNCs6uurfkVbeXG4S8JFT9t19m45ICnif8zWLd5oPSZ50QnwMfK+H3jv408d4jw/7Bttv5axS5IiHoLaVNHeQ==

readdirp@^4.0.1:
  version "4.1.2"
  resolved "https://registry.yarnpkg.com/readdirp/-/readdirp-4.1.2.tgz#eb85801435fbf2a7ee58f19e0921b068fc69948d"
  integrity sha512-GDhwkLfywWL2s6vEjyhri+eXmfH6j1L7JE27WhqLeYzoh/A3DBaYGEj2H/HFZCn/kMfim73FXxEJTw06WtxQwg==

sass@^1.89.2:
  version "1.97.3"
  resolved "https://registry.yarnpkg.com/sass/-/sass-1.97.3.tgz#9cb59339514fa7e2aec592b9700953ac6e331ab2"
  integrity sha512-fDz1zJpd5GycprAbu4Q2PV/RprsRtKC/0z82z0JLgdytmcq0+ujJbJ/09bPGDxCLkKY3Np5cRAOcWiVkLXJURg==
  dependencies:
    chokidar "^4.0.0"
    immutable "^5.0.2"
    source-map-js ">=0.6.2 <2.0.0"
  optionalDependencies:
    "@parcel/watcher" "^2.4.1"

"source-map-js@>=0.6.2 <2.0.0":
  version "1.2.1"
  resolved "https://registry.yarnpkg.com/source-map-js/-/source-map-js-1.2.1.tgz#1ce5650fddd87abc099eda37dcff024c2667ae46"
  integrity sha512-UXWMKhLOwVKb728IUtQPXxfYU+usdybtUrK/8uGE8CQMvrhOpwvzDBwj0QhSL7MQc7vIsISBG8VQ8+IDQxpfQA==

spark-md5@^3.0.1:
  version "3.0.2"
  resolved "https://registry.yarnpkg.com/spark-md5/-/spark-md5-3.0.2.tgz#7952c4a30784347abcee73268e473b9c0167e3fc"
  integrity sha512-wcFzz9cDfbuqe0FZzfi2or1sgyIrsDwmPwfZC4hiNidPdPINjeUwNfv5kldczoEAcjl9Y1L3SM7Uz2PUEQzxQw==

stimulus-rails-nested-form@^4.1.0:
  version "4.1.0"
  resolved "https://registry.yarnpkg.com/stimulus-rails-nested-form/-/stimulus-rails-nested-form-4.1.0.tgz#bfce185cff908170a4eb9973875b72517c3bc83a"
  integrity sha512-ORqcTsg3sa4PGFEyUkbvcPG56F4K2fx1qJCUQIgngO1GaW5taKcvDkT0HvdTqtQAFe/1lN4CpJAqoSCt+nYF/Q==

trix@^2.1.15:
  version "2.1.16"
  resolved "https://registry.yarnpkg.com/trix/-/trix-2.1.16.tgz#601be839258b87cc83019915650c50eb7cbc161e"
  integrity sha512-XtZgWI+oBvLzX7CWnkIf+ZWC+chL+YG/TkY43iMTV0Zl+CJjn18B1GJUCEWJ8qgfpcyMBuysnNAfPWiv2sV14A==
  dependencies:
    dompurify "^3.2.5"

update-browserslist-db@^1.2.0:
  version "1.2.3"
  resolved "https://registry.yarnpkg.com/update-browserslist-db/-/update-browserslist-db-1.2.3.tgz#64d76db58713136acbeb4c49114366cc6cc2e80d"
  integrity sha512-Js0m9cx+qOgDxo0eMiFGEueWztz+d4+M3rGlmKPT+T4IS/jP4ylw3Nwpu6cpTTP8R1MAC1kF4VbdLt3ARf209w==
  dependencies:
    escalade "^3.2.0"
    picocolors "^1.1.1"
